
Microsoft Visual Studio Solution File, Format Version 12.00
# Visual Studio Version 17
VisualStudioVersion = 17.9.34723.18
MinimumVisualStudioVersion = 10.0.40219.1
Project("{FAE04EC0-301F-11D3-BF4B-00C04F79EFBC}") = "RevitPlugin", "RevitPlugin\RevitPlugin.csproj", "{EE818720-6B6B-497D-8B96-26F355049C7F}"
EndProject
Project("{FAE04EC0-301F-11D3-BF4B-00C04F79EFBC}") = "FilterNavis_arch", "FilterNavis\FilterNavis_arch.csproj", "{DA58BC43-1075-4FE9-9A2C-D862759D6488}"
EndProject
Project("{FAE04EC0-301F-11D3-BF4B-00C04F79EFBC}") = "SelectAll", "SelectAll\SelectAll.csproj", "{BF558964-B17F-4CD9-A968-6D9F7CE93F0B}"
EndProject
Project("{FAE04EC0-301F-11D3-BF4B-00C04F79EFBC}") = "CreateItemInZero", "CreateItemInZero\CreateItemInZero.csproj", "{2F105E5C-FA75-4EF1-82FA-A3C6AA2AE2D6}"
EndProject
Project("{FAE04EC0-301F-11D3-BF4B-00C04F79EFBC}") = "CheckModulName", "CheckModulName\CheckModulName.csproj", "{8E6DC615-A66C-469A-AD6E-AC6749D076B1}"
EndProject
Project("{FAE04EC0-301F-11D3-BF4B-00C04F79EFBC}") = "RemoveDuplicates", "RemoveDuplicates\RemoveDuplicates.csproj", "{A2E83F9C-0AC0-4AB8-BC1A-AEBE85DE33DF}"
EndProject
Project("{FAE04EC0-301F-11D3-BF4B-00C04F79EFBC}") = "DimensionsControl", "DimensionsControl\DimensionsControl.csproj", "{2307641A-1CDE-4480-AEC4-07BE6B9376B6}"
EndProject
Project("{FAE04EC0-301F-11D3-BF4B-00C04F79EFBC}") = "CheckDimensions", "CheckDimensions\CheckDimensions.csproj", "{D99BEFCA-CCDF-4F17-91F7-47C296DFD870}"
EndProject
Project("{FAE04EC0-301F-11D3-BF4B-00C04F79EFBC}") = "WriteDimensions", "WriteDimensions\WriteDimensions.csproj", "{2A52EAB1-4C8C-485E-8015-F9231B2F7E51}"
EndProject
Project("{FAE04EC0-301F-11D3-BF4B-00C04F79EFBC}") = "DeleteFakeDimension", "DeleteFakeDimension\DeleteFakeDimension.csproj", "{8CF3B573-8553-4690-9BEB-70531B5F9DF8}"
EndProject
Project("{FAE04EC0-301F-11D3-BF4B-00C04F79EFBC}") = "AllRevitServers", "AllRevitServers\AllRevitServers.csproj", "{92A87BC2-AC23-4192-A37F-6BB62D75B833}"
EndProject
Project("{FAE04EC0-301F-11D3-BF4B-00C04F79EFBC}") = "RoomAffiliation", "RoomAffiliation\RoomAffiliation.csproj", "{F176289A-7ACA-4962-9F40-06A1A4AE81AD}"
EndProject
Project("{FAE04EC0-301F-11D3-BF4B-00C04F79EFBC}") = "ParameterMerging", "ParameterMerging\ParameterMerging.csproj", "{8EA17B03-1901-462B-AF81-01FE1B4C0612}"
EndProject
Project("{FAE04EC0-301F-11D3-BF4B-00C04F79EFBC}") = "FamilyLibrary", "FamilyLibrary\FamilyLibrary.csproj", "{20ED3047-330D-4EC7-B972-82EF9EB28893}"
EndProject
Project("{FAE04EC0-301F-11D3-BF4B-00C04F79EFBC}") = "AffiliationRoom", "AffiliationRoom\AffiliationRoom.csproj", "{D3D33ED4-9D61-48F2-8563-B60985BF15C1}"
EndProject
Project("{FAE04EC0-301F-11D3-BF4B-00C04F79EFBC}") = "GetFamilyTypeListFromIds", "GetFamilyTypeListFromIds\GetFamilyTypeListFromIds.csproj", "{F90FE4F9-152A-47C5-98E0-2D81EC045864}"
EndProject
Project("{FAE04EC0-301F-11D3-BF4B-00C04F79EFBC}") = "QuickFilter", "QuickFilter\QuickFilter.csproj", "{A447047F-F1A1-40C9-881E-5A27CE5B8154}"
EndProject
Global
	GlobalSection(SolutionConfigurationPlatforms) = preSolution
		Debug|Any CPU = Debug|Any CPU
		Release|Any CPU = Release|Any CPU
	EndGlobalSection
	GlobalSection(ProjectConfigurationPlatforms) = postSolution
		{EE818720-6B6B-497D-8B96-26F355049C7F}.Debug|Any CPU.ActiveCfg = Debug|Any CPU
		{EE818720-6B6B-497D-8B96-26F355049C7F}.Debug|Any CPU.Build.0 = Debug|Any CPU
		{EE818720-6B6B-497D-8B96-26F355049C7F}.Release|Any CPU.ActiveCfg = Release|Any CPU
		{EE818720-6B6B-497D-8B96-26F355049C7F}.Release|Any CPU.Build.0 = Release|Any CPU
		{DA58BC43-1075-4FE9-9A2C-D862759D6488}.Debug|Any CPU.ActiveCfg = Debug|Any CPU
		{DA58BC43-1075-4FE9-9A2C-D862759D6488}.Debug|Any CPU.Build.0 = Debug|Any CPU
		{DA58BC43-1075-4FE9-9A2C-D862759D6488}.Release|Any CPU.ActiveCfg = Release|Any CPU
		{DA58BC43-1075-4FE9-9A2C-D862759D6488}.Release|Any CPU.Build.0 = Release|Any CPU
		{BF558964-B17F-4CD9-A968-6D9F7CE93F0B}.Debug|Any CPU.ActiveCfg = Debug|Any CPU
		{BF558964-B17F-4CD9-A968-6D9F7CE93F0B}.Debug|Any CPU.Build.0 = Debug|Any CPU
		{BF558964-B17F-4CD9-A968-6D9F7CE93F0B}.Release|Any CPU.ActiveCfg = Release|Any CPU
		{BF558964-B17F-4CD9-A968-6D9F7CE93F0B}.Release|Any CPU.Build.0 = Release|Any CPU
		{2F105E5C-FA75-4EF1-82FA-A3C6AA2AE2D6}.Debug|Any CPU.ActiveCfg = Debug|Any CPU
		{2F105E5C-FA75-4EF1-82FA-A3C6AA2AE2D6}.Debug|Any CPU.Build.0 = Debug|Any CPU
		{2F105E5C-FA75-4EF1-82FA-A3C6AA2AE2D6}.Release|Any CPU.ActiveCfg = Release|Any CPU
		{2F105E5C-FA75-4EF1-82FA-A3C6AA2AE2D6}.Release|Any CPU.Build.0 = Release|Any CPU
		{8E6DC615-A66C-469A-AD6E-AC6749D076B1}.Debug|Any CPU.ActiveCfg = Debug|Any CPU
		{8E6DC615-A66C-469A-AD6E-AC6749D076B1}.Debug|Any CPU.Build.0 = Debug|Any CPU
		{8E6DC615-A66C-469A-AD6E-AC6749D076B1}.Release|Any CPU.ActiveCfg = Release|Any CPU
		{8E6DC615-A66C-469A-AD6E-AC6749D076B1}.Release|Any CPU.Build.0 = Release|Any CPU
		{A2E83F9C-0AC0-4AB8-BC1A-AEBE85DE33DF}.Debug|Any CPU.ActiveCfg = Debug|Any CPU
		{A2E83F9C-0AC0-4AB8-BC1A-AEBE85DE33DF}.Debug|Any CPU.Build.0 = Debug|Any CPU
		{A2E83F9C-0AC0-4AB8-BC1A-AEBE85DE33DF}.Release|Any CPU.ActiveCfg = Release|Any CPU
		{A2E83F9C-0AC0-4AB8-BC1A-AEBE85DE33DF}.Release|Any CPU.Build.0 = Release|Any CPU
		{2307641A-1CDE-4480-AEC4-07BE6B9376B6}.Debug|Any CPU.ActiveCfg = Debug|Any CPU
		{2307641A-1CDE-4480-AEC4-07BE6B9376B6}.Debug|Any CPU.Build.0 = Debug|Any CPU
		{2307641A-1CDE-4480-AEC4-07BE6B9376B6}.Release|Any CPU.ActiveCfg = Release|Any CPU
		{2307641A-1CDE-4480-AEC4-07BE6B9376B6}.Release|Any CPU.Build.0 = Release|Any CPU
		{D99BEFCA-CCDF-4F17-91F7-47C296DFD870}.Debug|Any CPU.ActiveCfg = Debug|Any CPU
		{D99BEFCA-CCDF-4F17-91F7-47C296DFD870}.Debug|Any CPU.Build.0 = Debug|Any CPU
		{D99BEFCA-CCDF-4F17-91F7-47C296DFD870}.Release|Any CPU.ActiveCfg = Release|Any CPU
		{D99BEFCA-CCDF-4F17-91F7-47C296DFD870}.Release|Any CPU.Build.0 = Release|Any CPU
		{2A52EAB1-4C8C-485E-8015-F9231B2F7E51}.Debug|Any CPU.ActiveCfg = Debug|Any CPU
		{2A52EAB1-4C8C-485E-8015-F9231B2F7E51}.Debug|Any CPU.Build.0 = Debug|Any CPU
		{2A52EAB1-4C8C-485E-8015-F9231B2F7E51}.Release|Any CPU.ActiveCfg = Release|Any CPU
		{2A52EAB1-4C8C-485E-8015-F9231B2F7E51}.Release|Any CPU.Build.0 = Release|Any CPU
		{8CF3B573-8553-4690-9BEB-70531B5F9DF8}.Debug|Any CPU.ActiveCfg = Debug|Any CPU
		{8CF3B573-8553-4690-9BEB-70531B5F9DF8}.Debug|Any CPU.Build.0 = Debug|Any CPU
		{8CF3B573-8553-4690-9BEB-70531B5F9DF8}.Release|Any CPU.ActiveCfg = Release|Any CPU
		{8CF3B573-8553-4690-9BEB-70531B5F9DF8}.Release|Any CPU.Build.0 = Release|Any CPU
		{92A87BC2-AC23-4192-A37F-6BB62D75B833}.Debug|Any CPU.ActiveCfg = Debug|Any CPU
		{92A87BC2-AC23-4192-A37F-6BB62D75B833}.Debug|Any CPU.Build.0 = Debug|Any CPU
		{92A87BC2-AC23-4192-A37F-6BB62D75B833}.Release|Any CPU.ActiveCfg = Release|Any CPU
		{92A87BC2-AC23-4192-A37F-6BB62D75B833}.Release|Any CPU.Build.0 = Release|Any CPU
		{F176289A-7ACA-4962-9F40-06A1A4AE81AD}.Debug|Any CPU.ActiveCfg = Debug|Any CPU
		{F176289A-7ACA-4962-9F40-06A1A4AE81AD}.Debug|Any CPU.Build.0 = Debug|Any CPU
		{F176289A-7ACA-4962-9F40-06A1A4AE81AD}.Release|Any CPU.ActiveCfg = Release|Any CPU
		{F176289A-7ACA-4962-9F40-06A1A4AE81AD}.Release|Any CPU.Build.0 = Release|Any CPU
		{8EA17B03-1901-462B-AF81-01FE1B4C0612}.Debug|Any CPU.ActiveCfg = Debug|Any CPU
		{8EA17B03-1901-462B-AF81-01FE1B4C0612}.Debug|Any CPU.Build.0 = Debug|Any CPU
		{8EA17B03-1901-462B-AF81-01FE1B4C0612}.Release|Any CPU.ActiveCfg = Release|Any CPU
		{8EA17B03-1901-462B-AF81-01FE1B4C0612}.Release|Any CPU.Build.0 = Release|Any CPU
		{20ED3047-330D-4EC7-B972-82EF9EB28893}.Debug|Any CPU.ActiveCfg = Debug|Any CPU
		{20ED3047-330D-4EC7-B972-82EF9EB28893}.Debug|Any CPU.Build.0 = Debug|Any CPU
		{20ED3047-330D-4EC7-B972-82EF9EB28893}.Release|Any CPU.ActiveCfg = Release|Any CPU
		{20ED3047-330D-4EC7-B972-82EF9EB28893}.Release|Any CPU.Build.0 = Release|Any CPU
		{D3D33ED4-9D61-48F2-8563-B60985BF15C1}.Debug|Any CPU.ActiveCfg = Debug|Any CPU
		{D3D33ED4-9D61-48F2-8563-B60985BF15C1}.Debug|Any CPU.Build.0 = Debug|Any CPU
		{D3D33ED4-9D61-48F2-8563-B60985BF15C1}.Release|Any CPU.ActiveCfg = Release|Any CPU
		{D3D33ED4-9D61-48F2-8563-B60985BF15C1}.Release|Any CPU.Build.0 = Release|Any CPU
		{F90FE4F9-152A-47C5-98E0-2D81EC045864}.Debug|Any CPU.ActiveCfg = Debug|Any CPU
		{F90FE4F9-152A-47C5-98E0-2D81EC045864}.Debug|Any CPU.Build.0 = Debug|Any CPU
		{F90FE4F9-152A-47C5-98E0-2D81EC045864}.Release|Any CPU.ActiveCfg = Release|Any CPU
		{F90FE4F9-152A-47C5-98E0-2D81EC045864}.Release|Any CPU.Build.0 = Release|Any CPU
		{A447047F-F1A1-40C9-881E-5A27CE5B8154}.Debug|Any CPU.ActiveCfg = Debug|Any CPU
		{A447047F-F1A1-40C9-881E-5A27CE5B8154}.Debug|Any CPU.Build.0 = Debug|Any CPU
		{A447047F-F1A1-40C9-881E-5A27CE5B8154}.Release|Any CPU.ActiveCfg = Release|Any CPU
		{A447047F-F1A1-40C9-881E-5A27CE5B8154}.Release|Any CPU.Build.0 = Release|Any CPU
	EndGlobalSection
	GlobalSection(SolutionProperties) = preSolution
		HideSolutionNode = FALSE
	EndGlobalSection
	GlobalSection(ExtensibilityGlobals) = postSolution
		SolutionGuid = {32CCAECB-1D6B-4C0B-892C-CF14ED62FC69}
	EndGlobalSection
EndGlobal
