
Microsoft Visual Studio Solution File, Format Version 12.00
# Visual Studio Version 17
VisualStudioVersion = 17.9.34723.18
MinimumVisualStudioVersion = 10.0.40219.1
Project("{FAE04EC0-301F-11D3-BF4B-00C04F79EFBC}") = "RevitPlugin", "RevitPlugin\RevitPlugin.csproj", "{EE818720-6B6B-497D-8B96-26F355049C7F}"
EndProject
Project("{FAE04EC0-301F-11D3-BF4B-00C04F79EFBC}") = "FilterNavis", "FilterNavis\FilterNavis.csproj", "{DA58BC43-1075-4FE9-9A2C-D862759D6488}"
EndProject
Project("{FAE04EC0-301F-11D3-BF4B-00C04F79EFBC}") = "SelectAll", "SelectAll\SelectAll.csproj", "{BF558964-B17F-4CD9-A968-6D9F7CE93F0B}"
EndProject
Project("{FAE04EC0-301F-11D3-BF4B-00C04F79EFBC}") = "CreateItemInZero", "CreateItemInZero\CreateItemInZero.csproj", "{2F105E5C-FA75-4EF1-82FA-A3C6AA2AE2D6}"
EndProject
Project("{FAE04EC0-301F-11D3-BF4B-00C04F79EFBC}") = "CheckModulName", "CheckModulName\CheckModulName.csproj", "{8E6DC615-A66C-469A-AD6E-AC6749D076B1}"
EndProject
Project("{FAE04EC0-301F-11D3-BF4B-00C04F79EFBC}") = "RemoveDuplicates", "RemoveDuplicates\RemoveDuplicates.csproj", "{A2E83F9C-0AC0-4AB8-BC1A-AEBE85DE33DF}"
EndProject
Project("{FAE04EC0-301F-11D3-BF4B-00C04F79EFBC}") = "WriteDimensions", "DimensionsControl\WriteDimensions.csproj", "{2307641A-1CDE-4480-AEC4-07BE6B9376B6}"
EndProject
Project("{FAE04EC0-301F-11D3-BF4B-00C04F79EFBC}") = "CheckDimensions", "CheckDimensions\CheckDimensions.csproj", "{D99BEFCA-CCDF-4F17-91F7-47C296DFD870}"
EndProject
Global
	GlobalSection(SolutionConfigurationPlatforms) = preSolution
		Debug|Any CPU = Debug|Any CPU
		Release|Any CPU = Release|Any CPU
	EndGlobalSection
	GlobalSection(ProjectConfigurationPlatforms) = postSolution
		{EE818720-6B6B-497D-8B96-26F355049C7F}.Debug|Any CPU.ActiveCfg = Debug|Any CPU
		{EE818720-6B6B-497D-8B96-26F355049C7F}.Debug|Any CPU.Build.0 = Debug|Any CPU
		{EE818720-6B6B-497D-8B96-26F355049C7F}.Release|Any CPU.ActiveCfg = Release|Any CPU
		{EE818720-6B6B-497D-8B96-26F355049C7F}.Release|Any CPU.Build.0 = Release|Any CPU
		{DA58BC43-1075-4FE9-9A2C-D862759D6488}.Debug|Any CPU.ActiveCfg = Debug|Any CPU
		{DA58BC43-1075-4FE9-9A2C-D862759D6488}.Debug|Any CPU.Build.0 = Debug|Any CPU
		{DA58BC43-1075-4FE9-9A2C-D862759D6488}.Release|Any CPU.ActiveCfg = Release|Any CPU
		{DA58BC43-1075-4FE9-9A2C-D862759D6488}.Release|Any CPU.Build.0 = Release|Any CPU
		{BF558964-B17F-4CD9-A968-6D9F7CE93F0B}.Debug|Any CPU.ActiveCfg = Debug|Any CPU
		{BF558964-B17F-4CD9-A968-6D9F7CE93F0B}.Debug|Any CPU.Build.0 = Debug|Any CPU
		{BF558964-B17F-4CD9-A968-6D9F7CE93F0B}.Release|Any CPU.ActiveCfg = Release|Any CPU
		{BF558964-B17F-4CD9-A968-6D9F7CE93F0B}.Release|Any CPU.Build.0 = Release|Any CPU
		{2F105E5C-FA75-4EF1-82FA-A3C6AA2AE2D6}.Debug|Any CPU.ActiveCfg = Debug|Any CPU
		{2F105E5C-FA75-4EF1-82FA-A3C6AA2AE2D6}.Debug|Any CPU.Build.0 = Debug|Any CPU
		{2F105E5C-FA75-4EF1-82FA-A3C6AA2AE2D6}.Release|Any CPU.ActiveCfg = Release|Any CPU
		{2F105E5C-FA75-4EF1-82FA-A3C6AA2AE2D6}.Release|Any CPU.Build.0 = Release|Any CPU
		{8E6DC615-A66C-469A-AD6E-AC6749D076B1}.Debug|Any CPU.ActiveCfg = Debug|Any CPU
		{8E6DC615-A66C-469A-AD6E-AC6749D076B1}.Debug|Any CPU.Build.0 = Debug|Any CPU
		{8E6DC615-A66C-469A-AD6E-AC6749D076B1}.Release|Any CPU.ActiveCfg = Release|Any CPU
		{8E6DC615-A66C-469A-AD6E-AC6749D076B1}.Release|Any CPU.Build.0 = Release|Any CPU
		{A2E83F9C-0AC0-4AB8-BC1A-AEBE85DE33DF}.Debug|Any CPU.ActiveCfg = Debug|Any CPU
		{A2E83F9C-0AC0-4AB8-BC1A-AEBE85DE33DF}.Debug|Any CPU.Build.0 = Debug|Any CPU
		{A2E83F9C-0AC0-4AB8-BC1A-AEBE85DE33DF}.Release|Any CPU.ActiveCfg = Release|Any CPU
		{A2E83F9C-0AC0-4AB8-BC1A-AEBE85DE33DF}.Release|Any CPU.Build.0 = Release|Any CPU
		{2307641A-1CDE-4480-AEC4-07BE6B9376B6}.Debug|Any CPU.ActiveCfg = Debug|Any CPU
		{2307641A-1CDE-4480-AEC4-07BE6B9376B6}.Debug|Any CPU.Build.0 = Debug|Any CPU
		{2307641A-1CDE-4480-AEC4-07BE6B9376B6}.Release|Any CPU.ActiveCfg = Release|Any CPU
		{2307641A-1CDE-4480-AEC4-07BE6B9376B6}.Release|Any CPU.Build.0 = Release|Any CPU
		{D99BEFCA-CCDF-4F17-91F7-47C296DFD870}.Debug|Any CPU.ActiveCfg = Debug|Any CPU
		{D99BEFCA-CCDF-4F17-91F7-47C296DFD870}.Debug|Any CPU.Build.0 = Debug|Any CPU
		{D99BEFCA-CCDF-4F17-91F7-47C296DFD870}.Release|Any CPU.ActiveCfg = Release|Any CPU
		{D99BEFCA-CCDF-4F17-91F7-47C296DFD870}.Release|Any CPU.Build.0 = Release|Any CPU
	EndGlobalSection
	GlobalSection(SolutionProperties) = preSolution
		HideSolutionNode = FALSE
	EndGlobalSection
	GlobalSection(ExtensibilityGlobals) = postSolution
		SolutionGuid = {32CCAECB-1D6B-4C0B-892C-CF14ED62FC69}
	EndGlobalSection
EndGlobal
